
Microsoft Visual Studio Solution File, Format Version 12.00
# Visual Studio 15
VisualStudioVersion = 15.0.35213.121
MinimumVisualStudioVersion = 10.0.40219.1
Project("{FAE04EC0-301F-11D3-BF4B-00C04F79EFBC}") = "ZamanHesap", "ZamanHesap\ZamanHesap.csproj", "{2582E867-7098-42AB-9B70-AA9F068F39D6}"
EndProject
Global
	GlobalSection(SolutionConfigurationPlatforms) = preSolution
		Debug|Any CPU = Debug|Any CPU
		Release|Any CPU = Release|Any CPU
	EndGlobalSection
	GlobalSection(ProjectConfigurationPlatforms) = postSolution
		{2582E867-7098-42AB-9B70-AA9F068F39D6}.Debug|Any CPU.ActiveCfg = Debug|Any CPU
		{2582E867-7098-42AB-9B70-AA9F068F39D6}.Debug|Any CPU.Build.0 = Debug|Any CPU
		{2582E867-7098-42AB-9B70-AA9F068F39D6}.Release|Any CPU.ActiveCfg = Release|Any CPU
		{2582E867-7098-42AB-9B70-AA9F068F39D6}.Release|Any CPU.Build.0 = Release|Any CPU
	EndGlobalSection
	GlobalSection(SolutionProperties) = preSolution
		HideSolutionNode = FALSE
	EndGlobalSection
	GlobalSection(ExtensibilityGlobals) = postSolution
		SolutionGuid = {D32AD1E9-2715-48AA-8D4A-035BCF20A8BF}
	EndGlobalSection
EndGlobal
