
Microsoft Visual Studio Solution File, Format Version 12.00
# Visual Studio 15
VisualStudioVersion = 15.0.35213.121
MinimumVisualStudioVersion = 10.0.40219.1
Project("{FAE04EC0-301F-11D3-BF4B-00C04F79EFBC}") = "Hava_Tahmin", "Hava_Tahmin\Hava_Tahmin.csproj", "{AC24010F-0B50-4261-B64A-B63E442E86DA}"
EndProject
Global
	GlobalSection(SolutionConfigurationPlatforms) = preSolution
		Debug|Any CPU = Debug|Any CPU
		Release|Any CPU = Release|Any CPU
	EndGlobalSection
	GlobalSection(ProjectConfigurationPlatforms) = postSolution
		{AC24010F-0B50-4261-B64A-B63E442E86DA}.Debug|Any CPU.ActiveCfg = Debug|Any CPU
		{AC24010F-0B50-4261-B64A-B63E442E86DA}.Debug|Any CPU.Build.0 = Debug|Any CPU
		{AC24010F-0B50-4261-B64A-B63E442E86DA}.Release|Any CPU.ActiveCfg = Release|Any CPU
		{AC24010F-0B50-4261-B64A-B63E442E86DA}.Release|Any CPU.Build.0 = Release|Any CPU
	EndGlobalSection
	GlobalSection(SolutionProperties) = preSolution
		HideSolutionNode = FALSE
	EndGlobalSection
	GlobalSection(ExtensibilityGlobals) = postSolution
		SolutionGuid = {E21EAE4A-1CCD-4A49-AC5A-3DA914CD732A}
	EndGlobalSection
EndGlobal
