
Microsoft Visual Studio Solution File, Format Version 12.00
# Visual Studio 15
VisualStudioVersion = 15.0.35213.121
MinimumVisualStudioVersion = 10.0.40219.1
Project("{FAE04EC0-301F-11D3-BF4B-00C04F79EFBC}") = "İslemSinifi", "İslemSinifi\İslemSinifi.csproj", "{5077668C-D554-4F33-8A9E-24260BC9719C}"
EndProject
Global
	GlobalSection(SolutionConfigurationPlatforms) = preSolution
		Debug|Any CPU = Debug|Any CPU
		Release|Any CPU = Release|Any CPU
	EndGlobalSection
	GlobalSection(ProjectConfigurationPlatforms) = postSolution
		{5077668C-D554-4F33-8A9E-24260BC9719C}.Debug|Any CPU.ActiveCfg = Debug|Any CPU
		{5077668C-D554-4F33-8A9E-24260BC9719C}.Debug|Any CPU.Build.0 = Debug|Any CPU
		{5077668C-D554-4F33-8A9E-24260BC9719C}.Release|Any CPU.ActiveCfg = Release|Any CPU
		{5077668C-D554-4F33-8A9E-24260BC9719C}.Release|Any CPU.Build.0 = Release|Any CPU
	EndGlobalSection
	GlobalSection(SolutionProperties) = preSolution
		HideSolutionNode = FALSE
	EndGlobalSection
	GlobalSection(ExtensibilityGlobals) = postSolution
		SolutionGuid = {D90FCB53-A956-4CEA-AAED-4BD3FACDFE90}
	EndGlobalSection
EndGlobal
